Microsoft Visual Studio Solution File, Format Version 12.00
# Visual Studio Version 16
VisualStudioVersion = 16.0.29920.165
MinimumVisualStudioVersion = 15.0.26124.0

Project("{D954291E-2A0B-460D-934E-DC6B0785DB48}") = "helloworld.Shared", "helloworld.Shared\helloworld.Shared.shproj", "{6279C845-92F8-4333-AB99-3D213163593C}"
EndProject




Project("{9A19103F-16F7-4668-BE54-9A1E7A4F7556}") = "helloworld.Wasm", "helloworld.Wasm\helloworld.Wasm.csproj", "{40EA03F7-8A22-4143-B251-79BAC3EB13D2}"
EndProject


Project("{9A19103F-16F7-4668-BE54-9A1E7A4F7556}") = "helloworld.Skia.Gtk", "helloworld.Skia.Gtk\helloworld.Skia.Gtk.csproj", "{A5B8155A-118F-4794-B551-C6F3CF7E5411}"
EndProject

Project("{9A19103F-16F7-4668-BE54-9A1E7A4F7556}") = "helloworld.Skia.WPF", "helloworld.Skia.WPF\helloworld.Skia.WPF.csproj", "{03f3b06c-2cb0-4018-938d-1d631f5892c3}"
EndProject
Project("{9A19103F-16F7-4668-BE54-9A1E7A4F7556}") = "helloworld.Skia.Wpf.Host", "helloworld.Skia.WPF.Host\helloworld.Skia.Wpf.Host.csproj", "{6CF284A4-22B1-4F05-97F4-F095C07A598E}"
EndProject

Project("{9A19103F-16F7-4668-BE54-9A1E7A4F7556}") = "helloworld.Skia.Tizen", "helloworld.Skia.Tizen\helloworld.Skia.Tizen.csproj", "{9AED22A6-77DC-4799-BAE7-5F26F2070BD2}"
EndProject

Global
	GlobalSection(SharedMSBuildProjectFiles) = preSolution
		helloworld.Shared\helloworld.Shared.projitems*{69b1c722-add8-42cc-8266-8cbad9a9e4fb}*SharedItemsImports = 4
		helloworld.Shared\helloworld.Shared.projitems*{03f3b06c-2cb0-4018-938d-1d631f5892c3}*SharedItemsImports = 5
		helloworld.Shared\helloworld.Shared.projitems*{4ef806da-f54e-45a6-b382-fb29ead661b6}*SharedItemsImports = 4
		helloworld.Shared\helloworld.Shared.projitems*{40ea03f7-8a22-4143-b251-79bac3eb13d2}*SharedItemsImports = 5
		helloworld.Shared\helloworld.Shared.projitems*{a5b8155a-118f-4794-b551-c6f3cf7e5411}*SharedItemsImports = 5
		helloworld.Shared\helloworld.Shared.projitems*{b85b0f6b-401a-4c15-8ade-f590ad80a250}*SharedItemsImports = 4
		helloworld.Shared\helloworld.Shared.projitems*{6279c845-92f8-4333-ab99-3d213163593c}*SharedItemsImports = 13
		helloworld.Shared\helloworld.Shared.projitems*{3aff19c1-f805-4ed8-89b8-1df8a9319a33}*SharedItemsImports = 4
	EndGlobalSection
	GlobalSection(SolutionConfigurationPlatforms) = preSolution
		Debug|Any CPU = Debug|Any CPU
		Debug|ARM = Debug|ARM
		Debug|ARM64 = Debug|ARM64
		Debug|iPhone = Debug|iPhone
		Debug|iPhoneSimulator = Debug|iPhoneSimulator
		Debug|x64 = Debug|x64
		Debug|x86 = Debug|x86
		Release|Any CPU = Release|Any CPU
		Release|ARM = Release|ARM
		Release|ARM64 = Release|ARM64
		Release|iPhone = Release|iPhone
		Release|iPhoneSimulator = Release|iPhoneSimulator
		Release|x64 = Release|x64
		Release|x86 = Release|x86
	EndGlobalSection
	GlobalSection(ProjectConfigurationPlatforms) = postSolution
		{69b1c722-add8-42cc-8266-8cbad9a9e4fb}.Debug|Any CPU.ActiveCfg = Debug|Any CPU
		{69b1c722-add8-42cc-8266-8cbad9a9e4fb}.Debug|Any CPU.Build.0 = Debug|Any CPU
		{69b1c722-add8-42cc-8266-8cbad9a9e4fb}.Debug|Any CPU.Deploy.0 = Debug|Any CPU
		{69b1c722-add8-42cc-8266-8cbad9a9e4fb}.Debug|ARM.ActiveCfg = Debug|Any CPU
		{69b1c722-add8-42cc-8266-8cbad9a9e4fb}.Debug|ARM.Build.0 = Debug|Any CPU
		{69b1c722-add8-42cc-8266-8cbad9a9e4fb}.Debug|ARM.Deploy.0 = Debug|Any CPU
		{69b1c722-add8-42cc-8266-8cbad9a9e4fb}.Debug|ARM64.ActiveCfg = Debug|Any CPU
		{69b1c722-add8-42cc-8266-8cbad9a9e4fb}.Debug|ARM64.Build.0 = Debug|Any CPU
		{69b1c722-add8-42cc-8266-8cbad9a9e4fb}.Debug|ARM64.Deploy.0 = Debug|Any CPU
		{69b1c722-add8-42cc-8266-8cbad9a9e4fb}.Debug|iPhone.ActiveCfg = Debug|Any CPU
		{69b1c722-add8-42cc-8266-8cbad9a9e4fb}.Debug|iPhone.Build.0 = Debug|Any CPU
		{69b1c722-add8-42cc-8266-8cbad9a9e4fb}.Debug|iPhone.Deploy.0 = Debug|Any CPU
		{69b1c722-add8-42cc-8266-8cbad9a9e4fb}.Debug|iPhoneSimulator.ActiveCfg = Debug|Any CPU
		{69b1c722-add8-42cc-8266-8cbad9a9e4fb}.Debug|iPhoneSimulator.Build.0 = Debug|Any CPU
		{69b1c722-add8-42cc-8266-8cbad9a9e4fb}.Debug|iPhoneSimulator.Deploy.0 = Debug|Any CPU
		{69b1c722-add8-42cc-8266-8cbad9a9e4fb}.Debug|x64.ActiveCfg = Debug|Any CPU
		{69b1c722-add8-42cc-8266-8cbad9a9e4fb}.Debug|x64.Build.0 = Debug|Any CPU
		{69b1c722-add8-42cc-8266-8cbad9a9e4fb}.Debug|x64.Deploy.0 = Debug|Any CPU
		{69b1c722-add8-42cc-8266-8cbad9a9e4fb}.Debug|x86.ActiveCfg = Debug|Any CPU
		{69b1c722-add8-42cc-8266-8cbad9a9e4fb}.Debug|x86.Build.0 = Debug|Any CPU
		{69b1c722-add8-42cc-8266-8cbad9a9e4fb}.Debug|x86.Deploy.0 = Debug|Any CPU

		{69b1c722-add8-42cc-8266-8cbad9a9e4fb}.Release|Any CPU.ActiveCfg = Release|Any CPU
		{69b1c722-add8-42cc-8266-8cbad9a9e4fb}.Release|Any CPU.Build.0 = Release|Any CPU
		{69b1c722-add8-42cc-8266-8cbad9a9e4fb}.Release|Any CPU.Deploy.0 = Release|Any CPU
		{69b1c722-add8-42cc-8266-8cbad9a9e4fb}.Release|ARM.ActiveCfg = Release|Any CPU
		{69b1c722-add8-42cc-8266-8cbad9a9e4fb}.Release|ARM.Build.0 = Release|Any CPU
		{69b1c722-add8-42cc-8266-8cbad9a9e4fb}.Release|ARM.Deploy.0 = Release|Any CPU
		{69b1c722-add8-42cc-8266-8cbad9a9e4fb}.Release|ARM64.ActiveCfg = Release|Any CPU
		{69b1c722-add8-42cc-8266-8cbad9a9e4fb}.Release|ARM64.Build.0 = Release|Any CPU
		{69b1c722-add8-42cc-8266-8cbad9a9e4fb}.Release|ARM64.Deploy.0 = Release|Any CPU
		{69b1c722-add8-42cc-8266-8cbad9a9e4fb}.Release|iPhone.ActiveCfg = Release|Any CPU
		{69b1c722-add8-42cc-8266-8cbad9a9e4fb}.Release|iPhone.Build.0 = Release|Any CPU
		{69b1c722-add8-42cc-8266-8cbad9a9e4fb}.Release|iPhone.Deploy.0 = Release|Any CPU
		{69b1c722-add8-42cc-8266-8cbad9a9e4fb}.Release|iPhoneSimulator.ActiveCfg = Release|Any CPU
		{69b1c722-add8-42cc-8266-8cbad9a9e4fb}.Release|iPhoneSimulator.Build.0 = Release|Any CPU
		{69b1c722-add8-42cc-8266-8cbad9a9e4fb}.Release|iPhoneSimulator.Deploy.0 = Release|Any CPU
		{69b1c722-add8-42cc-8266-8cbad9a9e4fb}.Release|x64.ActiveCfg = Release|Any CPU
		{69b1c722-add8-42cc-8266-8cbad9a9e4fb}.Release|x64.Build.0 = Release|Any CPU
		{69b1c722-add8-42cc-8266-8cbad9a9e4fb}.Release|x64.Deploy.0 = Release|Any CPU
		{69b1c722-add8-42cc-8266-8cbad9a9e4fb}.Release|x86.ActiveCfg = Release|Any CPU
		{69b1c722-add8-42cc-8266-8cbad9a9e4fb}.Release|x86.Build.0 = Release|Any CPU
		{69b1c722-add8-42cc-8266-8cbad9a9e4fb}.Release|x86.Deploy.0 = Release|Any CPU
		{b85b0f6b-401a-4c15-8ade-f590ad80a250}.Debug|Any CPU.ActiveCfg = Debug|iPhone
		{b85b0f6b-401a-4c15-8ade-f590ad80a250}.Debug|Any CPU.Build.0 = Debug|iPhone
		{b85b0f6b-401a-4c15-8ade-f590ad80a250}.Debug|Any CPU.Deploy.0 = Debug|iPhone
		{b85b0f6b-401a-4c15-8ade-f590ad80a250}.Debug|ARM.ActiveCfg = Debug|iPhone
		{b85b0f6b-401a-4c15-8ade-f590ad80a250}.Debug|ARM64.ActiveCfg = Debug|iPhone
		{b85b0f6b-401a-4c15-8ade-f590ad80a250}.Debug|iPhone.ActiveCfg = Debug|iPhone
		{b85b0f6b-401a-4c15-8ade-f590ad80a250}.Debug|iPhone.Build.0 = Debug|iPhone
		{b85b0f6b-401a-4c15-8ade-f590ad80a250}.Debug|iPhoneSimulator.ActiveCfg = Debug|iPhoneSimulator
		{b85b0f6b-401a-4c15-8ade-f590ad80a250}.Debug|iPhoneSimulator.Build.0 = Debug|iPhoneSimulator
		{b85b0f6b-401a-4c15-8ade-f590ad80a250}.Debug|x64.ActiveCfg = Debug|iPhone
		{b85b0f6b-401a-4c15-8ade-f590ad80a250}.Debug|x64.Build.0 = Debug|iPhone
		{b85b0f6b-401a-4c15-8ade-f590ad80a250}.Debug|x64.Deploy.0 = Debug|iPhone
		{b85b0f6b-401a-4c15-8ade-f590ad80a250}.Debug|x86.ActiveCfg = Debug|iPhoneSimulator
		{b85b0f6b-401a-4c15-8ade-f590ad80a250}.Debug|x86.Build.0 = Debug|iPhoneSimulator
		{b85b0f6b-401a-4c15-8ade-f590ad80a250}.Debug|x86.Deploy.0 = Debug|iPhoneSimulator
		{b85b0f6b-401a-4c15-8ade-f590ad80a250}.Release|Any CPU.ActiveCfg = Release|iPhone
		{b85b0f6b-401a-4c15-8ade-f590ad80a250}.Release|ARM.ActiveCfg = Release|iPhone
		{b85b0f6b-401a-4c15-8ade-f590ad80a250}.Release|ARM64.ActiveCfg = Release|iPhone
		{b85b0f6b-401a-4c15-8ade-f590ad80a250}.Release|iPhone.ActiveCfg = Release|iPhone
		{b85b0f6b-401a-4c15-8ade-f590ad80a250}.Release|iPhone.Build.0 = Release|iPhone
		{b85b0f6b-401a-4c15-8ade-f590ad80a250}.Release|iPhoneSimulator.ActiveCfg = Release|iPhoneSimulator
		{b85b0f6b-401a-4c15-8ade-f590ad80a250}.Release|iPhoneSimulator.Build.0 = Release|iPhoneSimulator
		{b85b0f6b-401a-4c15-8ade-f590ad80a250}.Release|x64.ActiveCfg = Release|iPhoneSimulator
		{b85b0f6b-401a-4c15-8ade-f590ad80a250}.Release|x64.Build.0 = Release|iPhoneSimulator
		{b85b0f6b-401a-4c15-8ade-f590ad80a250}.Release|x64.Deploy.0 = Release|iPhoneSimulator
		{b85b0f6b-401a-4c15-8ade-f590ad80a250}.Release|x86.ActiveCfg = Release|iPhoneSimulator
		{b85b0f6b-401a-4c15-8ade-f590ad80a250}.Release|x86.Build.0 = Release|iPhoneSimulator

		{3aff19c1-f805-4ed8-89b8-1df8a9319a33}.Debug|Any CPU.ActiveCfg = Debug|x86
		{3aff19c1-f805-4ed8-89b8-1df8a9319a33}.Debug|Any CPU.Build.0 = Debug|x86
		{3aff19c1-f805-4ed8-89b8-1df8a9319a33}.Debug|Any CPU.Deploy.0 = Debug|x86
		{3aff19c1-f805-4ed8-89b8-1df8a9319a33}.Debug|ARM.ActiveCfg = Debug|ARM
		{3aff19c1-f805-4ed8-89b8-1df8a9319a33}.Debug|ARM.Build.0 = Debug|ARM
		{3aff19c1-f805-4ed8-89b8-1df8a9319a33}.Debug|ARM.Deploy.0 = Debug|ARM
		{3aff19c1-f805-4ed8-89b8-1df8a9319a33}.Debug|ARM64.ActiveCfg = Debug|ARM64
		{3aff19c1-f805-4ed8-89b8-1df8a9319a33}.Debug|ARM64.Build.0 = Debug|ARM64
		{3aff19c1-f805-4ed8-89b8-1df8a9319a33}.Debug|ARM64.Deploy.0 = Debug|ARM64
		{3aff19c1-f805-4ed8-89b8-1df8a9319a33}.Debug|iPhone.ActiveCfg = Debug|x86
		{3aff19c1-f805-4ed8-89b8-1df8a9319a33}.Debug|iPhone.Build.0 = Debug|x86
		{3aff19c1-f805-4ed8-89b8-1df8a9319a33}.Debug|iPhone.Deploy.0 = Debug|x86
		{3aff19c1-f805-4ed8-89b8-1df8a9319a33}.Debug|iPhoneSimulator.ActiveCfg = Debug|x86
		{3aff19c1-f805-4ed8-89b8-1df8a9319a33}.Debug|iPhoneSimulator.Build.0 = Debug|x86
		{3aff19c1-f805-4ed8-89b8-1df8a9319a33}.Debug|iPhoneSimulator.Deploy.0 = Debug|x86
		{3aff19c1-f805-4ed8-89b8-1df8a9319a33}.Debug|x64.ActiveCfg = Debug|x64
		{3aff19c1-f805-4ed8-89b8-1df8a9319a33}.Debug|x64.Build.0 = Debug|x64
		{3aff19c1-f805-4ed8-89b8-1df8a9319a33}.Debug|x64.Deploy.0 = Debug|x64
		{3aff19c1-f805-4ed8-89b8-1df8a9319a33}.Debug|x86.ActiveCfg = Debug|x86
		{3aff19c1-f805-4ed8-89b8-1df8a9319a33}.Debug|x86.Build.0 = Debug|x86
		{3aff19c1-f805-4ed8-89b8-1df8a9319a33}.Debug|x86.Deploy.0 = Debug|x86
		{3aff19c1-f805-4ed8-89b8-1df8a9319a33}.Release|Any CPU.ActiveCfg = Release|x86
		{3aff19c1-f805-4ed8-89b8-1df8a9319a33}.Release|ARM.ActiveCfg = Release|ARM
		{3aff19c1-f805-4ed8-89b8-1df8a9319a33}.Release|ARM.Build.0 = Release|ARM
		{3aff19c1-f805-4ed8-89b8-1df8a9319a33}.Release|ARM.Deploy.0 = Release|ARM
		{3aff19c1-f805-4ed8-89b8-1df8a9319a33}.Release|ARM64.ActiveCfg = Release|ARM64
		{3aff19c1-f805-4ed8-89b8-1df8a9319a33}.Release|ARM64.Build.0 = Release|ARM64
		{3aff19c1-f805-4ed8-89b8-1df8a9319a33}.Release|ARM64.Deploy.0 = Release|ARM64
		{3aff19c1-f805-4ed8-89b8-1df8a9319a33}.Release|iPhone.ActiveCfg = Release|x86
		{3aff19c1-f805-4ed8-89b8-1df8a9319a33}.Release|iPhone.Build.0 = Release|x86
		{3aff19c1-f805-4ed8-89b8-1df8a9319a33}.Release|iPhoneSimulator.ActiveCfg = Release|x86
		{3aff19c1-f805-4ed8-89b8-1df8a9319a33}.Release|iPhoneSimulator.Build.0 = Release|x86
		{3aff19c1-f805-4ed8-89b8-1df8a9319a33}.Release|iPhoneSimulator.Deploy.0 = Release|x86
		{3aff19c1-f805-4ed8-89b8-1df8a9319a33}.Release|x64.ActiveCfg = Release|x64
		{3aff19c1-f805-4ed8-89b8-1df8a9319a33}.Release|x64.Build.0 = Release|x64
		{3aff19c1-f805-4ed8-89b8-1df8a9319a33}.Release|x64.Deploy.0 = Release|x64
		{3aff19c1-f805-4ed8-89b8-1df8a9319a33}.Release|x86.ActiveCfg = Release|x86
		{3aff19c1-f805-4ed8-89b8-1df8a9319a33}.Release|x86.Build.0 = Release|x86
		{3aff19c1-f805-4ed8-89b8-1df8a9319a33}.Release|x86.Deploy.0 = Release|x86

		{03f3b06c-2cb0-4018-938d-1d631f5892c3}.Debug|Any CPU.ActiveCfg = Debug|Any CPU
		{03f3b06c-2cb0-4018-938d-1d631f5892c3}.Debug|Any CPU.Build.0 = Debug|Any CPU
		{03f3b06c-2cb0-4018-938d-1d631f5892c3}.Debug|Any CPU.Deploy.0 = Debug|Any CPU
		{03f3b06c-2cb0-4018-938d-1d631f5892c3}.Debug|ARM.ActiveCfg = Debug|ARM
		{03f3b06c-2cb0-4018-938d-1d631f5892c3}.Debug|ARM.Build.0 = Debug|ARM
		{03f3b06c-2cb0-4018-938d-1d631f5892c3}.Debug|ARM.Deploy.0 = Debug|ARM
		{03f3b06c-2cb0-4018-938d-1d631f5892c3}.Debug|ARM64.ActiveCfg = Debug|ARM64
		{03f3b06c-2cb0-4018-938d-1d631f5892c3}.Debug|ARM64.Build.0 = Debug|ARM64
		{03f3b06c-2cb0-4018-938d-1d631f5892c3}.Debug|ARM64.Deploy.0 = Debug|ARM64
		{03f3b06c-2cb0-4018-938d-1d631f5892c3}.Debug|iPhone.ActiveCfg = Debug|x86
		{03f3b06c-2cb0-4018-938d-1d631f5892c3}.Debug|iPhone.Build.0 = Debug|x86
		{03f3b06c-2cb0-4018-938d-1d631f5892c3}.Debug|iPhone.Deploy.0 = Debug|x86
		{03f3b06c-2cb0-4018-938d-1d631f5892c3}.Debug|iPhoneSimulator.ActiveCfg = Debug|x86
		{03f3b06c-2cb0-4018-938d-1d631f5892c3}.Debug|iPhoneSimulator.Build.0 = Debug|x86
		{03f3b06c-2cb0-4018-938d-1d631f5892c3}.Debug|iPhoneSimulator.Deploy.0 = Debug|x86
		{03f3b06c-2cb0-4018-938d-1d631f5892c3}.Debug|x64.ActiveCfg = Debug|x64
		{03f3b06c-2cb0-4018-938d-1d631f5892c3}.Debug|x64.Build.0 = Debug|x64
		{03f3b06c-2cb0-4018-938d-1d631f5892c3}.Debug|x64.Deploy.0 = Debug|x64
		{03f3b06c-2cb0-4018-938d-1d631f5892c3}.Debug|x86.ActiveCfg = Debug|x86
		{03f3b06c-2cb0-4018-938d-1d631f5892c3}.Debug|x86.Build.0 = Debug|x86
		{03f3b06c-2cb0-4018-938d-1d631f5892c3}.Debug|x86.Deploy.0 = Debug|x86
		{03f3b06c-2cb0-4018-938d-1d631f5892c3}.Release|Any CPU.ActiveCfg = Release|x86
		{03f3b06c-2cb0-4018-938d-1d631f5892c3}.Release|ARM.ActiveCfg = Release|ARM
		{03f3b06c-2cb0-4018-938d-1d631f5892c3}.Release|ARM.Build.0 = Release|ARM
		{03f3b06c-2cb0-4018-938d-1d631f5892c3}.Release|ARM.Deploy.0 = Release|ARM
		{03f3b06c-2cb0-4018-938d-1d631f5892c3}.Release|ARM64.ActiveCfg = Release|ARM64
		{03f3b06c-2cb0-4018-938d-1d631f5892c3}.Release|ARM64.Build.0 = Release|ARM64
		{03f3b06c-2cb0-4018-938d-1d631f5892c3}.Release|ARM64.Deploy.0 = Release|ARM64
		{03f3b06c-2cb0-4018-938d-1d631f5892c3}.Release|iPhone.ActiveCfg = Release|x86
		{03f3b06c-2cb0-4018-938d-1d631f5892c3}.Release|iPhone.Build.0 = Release|x86
		{03f3b06c-2cb0-4018-938d-1d631f5892c3}.Release|iPhoneSimulator.ActiveCfg = Release|x86
		{03f3b06c-2cb0-4018-938d-1d631f5892c3}.Release|iPhoneSimulator.Build.0 = Release|x86
		{03f3b06c-2cb0-4018-938d-1d631f5892c3}.Release|iPhoneSimulator.Deploy.0 = Release|x86
		{03f3b06c-2cb0-4018-938d-1d631f5892c3}.Release|x64.ActiveCfg = Release|x64
		{03f3b06c-2cb0-4018-938d-1d631f5892c3}.Release|x64.Build.0 = Release|x64
		{03f3b06c-2cb0-4018-938d-1d631f5892c3}.Release|x64.Deploy.0 = Release|x64
		{03f3b06c-2cb0-4018-938d-1d631f5892c3}.Release|x86.ActiveCfg = Release|x86
		{03f3b06c-2cb0-4018-938d-1d631f5892c3}.Release|x86.Build.0 = Release|x86
		{03f3b06c-2cb0-4018-938d-1d631f5892c3}.Release|x86.Deploy.0 = Release|x86

		{03f3b06c-2cb0-4018-938d-1d631f5892c3}.Debug|Any CPU.ActiveCfg = Debug|Any CPU
		{03f3b06c-2cb0-4018-938d-1d631f5892c3}.Debug|Any CPU.Build.0 = Debug|Any CPU
		{03f3b06c-2cb0-4018-938d-1d631f5892c3}.Debug|ARM.ActiveCfg = Debug|Any CPU
		{03f3b06c-2cb0-4018-938d-1d631f5892c3}.Debug|ARM.Build.0 = Debug|Any CPU
		{03f3b06c-2cb0-4018-938d-1d631f5892c3}.Debug|ARM64.ActiveCfg = Debug|Any CPU
		{03f3b06c-2cb0-4018-938d-1d631f5892c3}.Debug|ARM64.Build.0 = Debug|Any CPU
		{03f3b06c-2cb0-4018-938d-1d631f5892c3}.Debug|iPhone.ActiveCfg = Debug|Any CPU
		{03f3b06c-2cb0-4018-938d-1d631f5892c3}.Debug|iPhone.Build.0 = Debug|Any CPU
		{03f3b06c-2cb0-4018-938d-1d631f5892c3}.Debug|iPhoneSimulator.ActiveCfg = Debug|Any CPU
		{03f3b06c-2cb0-4018-938d-1d631f5892c3}.Debug|iPhoneSimulator.Build.0 = Debug|Any CPU
		{03f3b06c-2cb0-4018-938d-1d631f5892c3}.Debug|x64.ActiveCfg = Debug|Any CPU
		{03f3b06c-2cb0-4018-938d-1d631f5892c3}.Debug|x64.Build.0 = Debug|Any CPU
		{03f3b06c-2cb0-4018-938d-1d631f5892c3}.Debug|x86.ActiveCfg = Debug|Any CPU
		{03f3b06c-2cb0-4018-938d-1d631f5892c3}.Debug|x86.Build.0 = Debug|Any CPU
		{03f3b06c-2cb0-4018-938d-1d631f5892c3}.Release|Any CPU.ActiveCfg = Release|Any CPU
		{03f3b06c-2cb0-4018-938d-1d631f5892c3}.Release|Any CPU.Build.0 = Release|Any CPU
		{03f3b06c-2cb0-4018-938d-1d631f5892c3}.Release|ARM.ActiveCfg = Release|Any CPU
		{03f3b06c-2cb0-4018-938d-1d631f5892c3}.Release|ARM.Build.0 = Release|Any CPU
		{03f3b06c-2cb0-4018-938d-1d631f5892c3}.Release|ARM64.ActiveCfg = Release|Any CPU
		{03f3b06c-2cb0-4018-938d-1d631f5892c3}.Release|ARM64.Build.0 = Release|Any CPU
		{03f3b06c-2cb0-4018-938d-1d631f5892c3}.Release|iPhone.ActiveCfg = Release|Any CPU
		{03f3b06c-2cb0-4018-938d-1d631f5892c3}.Release|iPhone.Build.0 = Release|Any CPU
		{03f3b06c-2cb0-4018-938d-1d631f5892c3}.Release|iPhoneSimulator.ActiveCfg = Release|Any CPU
		{03f3b06c-2cb0-4018-938d-1d631f5892c3}.Release|iPhoneSimulator.Build.0 = Release|Any CPU
		{03f3b06c-2cb0-4018-938d-1d631f5892c3}.Release|x64.ActiveCfg = Release|Any CPU
		{03f3b06c-2cb0-4018-938d-1d631f5892c3}.Release|x64.Build.0 = Release|Any CPU
		{03f3b06c-2cb0-4018-938d-1d631f5892c3}.Release|x86.ActiveCfg = Release|Any CPU
		{03f3b06c-2cb0-4018-938d-1d631f5892c3}.Release|x86.Build.0 = Release|Any CPU

		{A5B8155A-118F-4794-B551-C6F3CF7E5411}.Debug|Any CPU.ActiveCfg = Debug|Any CPU
		{A5B8155A-118F-4794-B551-C6F3CF7E5411}.Debug|Any CPU.Build.0 = Debug|Any CPU
		{A5B8155A-118F-4794-B551-C6F3CF7E5411}.Debug|ARM.ActiveCfg = Debug|Any CPU
		{A5B8155A-118F-4794-B551-C6F3CF7E5411}.Debug|ARM.Build.0 = Debug|Any CPU
		{A5B8155A-118F-4794-B551-C6F3CF7E5411}.Debug|ARM64.ActiveCfg = Debug|Any CPU
		{A5B8155A-118F-4794-B551-C6F3CF7E5411}.Debug|ARM64.Build.0 = Debug|Any CPU
		{A5B8155A-118F-4794-B551-C6F3CF7E5411}.Debug|iPhone.ActiveCfg = Debug|Any CPU
		{A5B8155A-118F-4794-B551-C6F3CF7E5411}.Debug|iPhone.Build.0 = Debug|Any CPU
		{A5B8155A-118F-4794-B551-C6F3CF7E5411}.Debug|iPhoneSimulator.ActiveCfg = Debug|Any CPU
		{A5B8155A-118F-4794-B551-C6F3CF7E5411}.Debug|iPhoneSimulator.Build.0 = Debug|Any CPU
		{A5B8155A-118F-4794-B551-C6F3CF7E5411}.Debug|x64.ActiveCfg = Debug|Any CPU
		{A5B8155A-118F-4794-B551-C6F3CF7E5411}.Debug|x64.Build.0 = Debug|Any CPU
		{A5B8155A-118F-4794-B551-C6F3CF7E5411}.Debug|x86.ActiveCfg = Debug|Any CPU
		{A5B8155A-118F-4794-B551-C6F3CF7E5411}.Debug|x86.Build.0 = Debug|Any CPU
		{A5B8155A-118F-4794-B551-C6F3CF7E5411}.Release|Any CPU.ActiveCfg = Release|Any CPU
		{A5B8155A-118F-4794-B551-C6F3CF7E5411}.Release|Any CPU.Build.0 = Release|Any CPU
		{A5B8155A-118F-4794-B551-C6F3CF7E5411}.Release|ARM.ActiveCfg = Release|Any CPU
		{A5B8155A-118F-4794-B551-C6F3CF7E5411}.Release|ARM.Build.0 = Release|Any CPU
		{A5B8155A-118F-4794-B551-C6F3CF7E5411}.Release|ARM64.ActiveCfg = Release|Any CPU
		{A5B8155A-118F-4794-B551-C6F3CF7E5411}.Release|ARM64.Build.0 = Release|Any CPU
		{A5B8155A-118F-4794-B551-C6F3CF7E5411}.Release|iPhone.ActiveCfg = Release|Any CPU
		{A5B8155A-118F-4794-B551-C6F3CF7E5411}.Release|iPhone.Build.0 = Release|Any CPU
		{A5B8155A-118F-4794-B551-C6F3CF7E5411}.Release|iPhoneSimulator.ActiveCfg = Release|Any CPU
		{A5B8155A-118F-4794-B551-C6F3CF7E5411}.Release|iPhoneSimulator.Build.0 = Release|Any CPU
		{A5B8155A-118F-4794-B551-C6F3CF7E5411}.Release|x64.ActiveCfg = Release|Any CPU
		{A5B8155A-118F-4794-B551-C6F3CF7E5411}.Release|x64.Build.0 = Release|Any CPU
		{A5B8155A-118F-4794-B551-C6F3CF7E5411}.Release|x86.ActiveCfg = Release|Any CPU
		{A5B8155A-118F-4794-B551-C6F3CF7E5411}.Release|x86.Build.0 = Release|Any CPU

		{9AED22A6-77DC-4799-BAE7-5F26F2070BD2}.Debug|Any CPU.ActiveCfg = Debug|Any CPU
		{9AED22A6-77DC-4799-BAE7-5F26F2070BD2}.Debug|Any CPU.Build.0 = Debug|Any CPU
		{9AED22A6-77DC-4799-BAE7-5F26F2070BD2}.Debug|ARM.ActiveCfg = Debug|Any CPU
		{9AED22A6-77DC-4799-BAE7-5F26F2070BD2}.Debug|ARM.Build.0 = Debug|Any CPU
		{9AED22A6-77DC-4799-BAE7-5F26F2070BD2}.Debug|ARM64.ActiveCfg = Debug|Any CPU
		{9AED22A6-77DC-4799-BAE7-5F26F2070BD2}.Debug|ARM64.Build.0 = Debug|Any CPU
		{9AED22A6-77DC-4799-BAE7-5F26F2070BD2}.Debug|iPhone.ActiveCfg = Debug|Any CPU
		{9AED22A6-77DC-4799-BAE7-5F26F2070BD2}.Debug|iPhone.Build.0 = Debug|Any CPU
		{9AED22A6-77DC-4799-BAE7-5F26F2070BD2}.Debug|iPhoneSimulator.ActiveCfg = Debug|Any CPU
		{9AED22A6-77DC-4799-BAE7-5F26F2070BD2}.Debug|iPhoneSimulator.Build.0 = Debug|Any CPU
		{9AED22A6-77DC-4799-BAE7-5F26F2070BD2}.Debug|x64.ActiveCfg = Debug|Any CPU
		{9AED22A6-77DC-4799-BAE7-5F26F2070BD2}.Debug|x64.Build.0 = Debug|Any CPU
		{9AED22A6-77DC-4799-BAE7-5F26F2070BD2}.Debug|x86.ActiveCfg = Debug|Any CPU
		{9AED22A6-77DC-4799-BAE7-5F26F2070BD2}.Debug|x86.Build.0 = Debug|Any CPU
		{9AED22A6-77DC-4799-BAE7-5F26F2070BD2}.Release|Any CPU.ActiveCfg = Release|Any CPU
		{9AED22A6-77DC-4799-BAE7-5F26F2070BD2}.Release|Any CPU.Build.0 = Release|Any CPU
		{9AED22A6-77DC-4799-BAE7-5F26F2070BD2}.Release|ARM.ActiveCfg = Release|Any CPU
		{9AED22A6-77DC-4799-BAE7-5F26F2070BD2}.Release|ARM.Build.0 = Release|Any CPU
		{9AED22A6-77DC-4799-BAE7-5F26F2070BD2}.Release|ARM64.ActiveCfg = Release|Any CPU
		{9AED22A6-77DC-4799-BAE7-5F26F2070BD2}.Release|ARM64.Build.0 = Release|Any CPU
		{9AED22A6-77DC-4799-BAE7-5F26F2070BD2}.Release|iPhone.ActiveCfg = Release|Any CPU
		{9AED22A6-77DC-4799-BAE7-5F26F2070BD2}.Release|iPhone.Build.0 = Release|Any CPU
		{9AED22A6-77DC-4799-BAE7-5F26F2070BD2}.Release|iPhoneSimulator.ActiveCfg = Release|Any CPU
		{9AED22A6-77DC-4799-BAE7-5F26F2070BD2}.Release|iPhoneSimulator.Build.0 = Release|Any CPU
		{9AED22A6-77DC-4799-BAE7-5F26F2070BD2}.Release|x64.ActiveCfg = Release|Any CPU
		{9AED22A6-77DC-4799-BAE7-5F26F2070BD2}.Release|x64.Build.0 = Release|Any CPU
		{9AED22A6-77DC-4799-BAE7-5F26F2070BD2}.Release|x86.ActiveCfg = Release|Any CPU
		{9AED22A6-77DC-4799-BAE7-5F26F2070BD2}.Release|x86.Build.0 = Release|Any CPU

		{6CF284A4-22B1-4F05-97F4-F095C07A598E}.Debug|Any CPU.ActiveCfg = Debug|Any CPU
		{6CF284A4-22B1-4F05-97F4-F095C07A598E}.Debug|Any CPU.Build.0 = Debug|Any CPU
		{6CF284A4-22B1-4F05-97F4-F095C07A598E}.Debug|ARM.ActiveCfg = Debug|Any CPU
		{6CF284A4-22B1-4F05-97F4-F095C07A598E}.Debug|ARM.Build.0 = Debug|Any CPU
		{6CF284A4-22B1-4F05-97F4-F095C07A598E}.Debug|ARM64.ActiveCfg = Debug|Any CPU
		{6CF284A4-22B1-4F05-97F4-F095C07A598E}.Debug|ARM64.Build.0 = Debug|Any CPU
		{6CF284A4-22B1-4F05-97F4-F095C07A598E}.Debug|iPhone.ActiveCfg = Debug|Any CPU
		{6CF284A4-22B1-4F05-97F4-F095C07A598E}.Debug|iPhone.Build.0 = Debug|Any CPU
		{6CF284A4-22B1-4F05-97F4-F095C07A598E}.Debug|iPhoneSimulator.ActiveCfg = Debug|Any CPU
		{6CF284A4-22B1-4F05-97F4-F095C07A598E}.Debug|iPhoneSimulator.Build.0 = Debug|Any CPU
		{6CF284A4-22B1-4F05-97F4-F095C07A598E}.Debug|x64.ActiveCfg = Debug|Any CPU
		{6CF284A4-22B1-4F05-97F4-F095C07A598E}.Debug|x64.Build.0 = Debug|Any CPU
		{6CF284A4-22B1-4F05-97F4-F095C07A598E}.Debug|x86.ActiveCfg = Debug|Any CPU
		{6CF284A4-22B1-4F05-97F4-F095C07A598E}.Debug|x86.Build.0 = Debug|Any CPU
		{6CF284A4-22B1-4F05-97F4-F095C07A598E}.Release|Any CPU.ActiveCfg = Release|Any CPU
		{6CF284A4-22B1-4F05-97F4-F095C07A598E}.Release|Any CPU.Build.0 = Release|Any CPU
		{6CF284A4-22B1-4F05-97F4-F095C07A598E}.Release|ARM.ActiveCfg = Release|Any CPU
		{6CF284A4-22B1-4F05-97F4-F095C07A598E}.Release|ARM.Build.0 = Release|Any CPU
		{6CF284A4-22B1-4F05-97F4-F095C07A598E}.Release|ARM64.ActiveCfg = Release|Any CPU
		{6CF284A4-22B1-4F05-97F4-F095C07A598E}.Release|ARM64.Build.0 = Release|Any CPU
		{6CF284A4-22B1-4F05-97F4-F095C07A598E}.Release|iPhone.ActiveCfg = Release|Any CPU
		{6CF284A4-22B1-4F05-97F4-F095C07A598E}.Release|iPhone.Build.0 = Release|Any CPU
		{6CF284A4-22B1-4F05-97F4-F095C07A598E}.Release|iPhoneSimulator.ActiveCfg = Release|Any CPU
		{6CF284A4-22B1-4F05-97F4-F095C07A598E}.Release|iPhoneSimulator.Build.0 = Release|Any CPU
		{6CF284A4-22B1-4F05-97F4-F095C07A598E}.Release|x64.ActiveCfg = Release|Any CPU
		{6CF284A4-22B1-4F05-97F4-F095C07A598E}.Release|x64.Build.0 = Release|Any CPU
		{6CF284A4-22B1-4F05-97F4-F095C07A598E}.Release|x86.ActiveCfg = Release|Any CPU
		{6CF284A4-22B1-4F05-97F4-F095C07A598E}.Release|x86.Build.0 = Release|Any CPU

		{40EA03F7-8A22-4143-B251-79BAC3EB13D2}.Debug|Any CPU.ActiveCfg = Debug|Any CPU
		{40EA03F7-8A22-4143-B251-79BAC3EB13D2}.Debug|Any CPU.Build.0 = Debug|Any CPU
		{40EA03F7-8A22-4143-B251-79BAC3EB13D2}.Debug|ARM.ActiveCfg = Debug|Any CPU
		{40EA03F7-8A22-4143-B251-79BAC3EB13D2}.Debug|ARM.Build.0 = Debug|Any CPU
		{40EA03F7-8A22-4143-B251-79BAC3EB13D2}.Debug|ARM64.ActiveCfg = Debug|Any CPU
		{40EA03F7-8A22-4143-B251-79BAC3EB13D2}.Debug|ARM64.Build.0 = Debug|Any CPU
		{40EA03F7-8A22-4143-B251-79BAC3EB13D2}.Debug|iPhone.ActiveCfg = Debug|Any CPU
		{40EA03F7-8A22-4143-B251-79BAC3EB13D2}.Debug|iPhone.Build.0 = Debug|Any CPU
		{40EA03F7-8A22-4143-B251-79BAC3EB13D2}.Debug|iPhoneSimulator.ActiveCfg = Debug|Any CPU
		{40EA03F7-8A22-4143-B251-79BAC3EB13D2}.Debug|iPhoneSimulator.Build.0 = Debug|Any CPU
		{40EA03F7-8A22-4143-B251-79BAC3EB13D2}.Debug|x64.ActiveCfg = Debug|Any CPU
		{40EA03F7-8A22-4143-B251-79BAC3EB13D2}.Debug|x64.Build.0 = Debug|Any CPU
		{40EA03F7-8A22-4143-B251-79BAC3EB13D2}.Debug|x86.ActiveCfg = Debug|Any CPU
		{40EA03F7-8A22-4143-B251-79BAC3EB13D2}.Debug|x86.Build.0 = Debug|Any CPU
		{40EA03F7-8A22-4143-B251-79BAC3EB13D2}.Release|Any CPU.ActiveCfg = Release|Any CPU
		{40EA03F7-8A22-4143-B251-79BAC3EB13D2}.Release|Any CPU.Build.0 = Release|Any CPU
		{40EA03F7-8A22-4143-B251-79BAC3EB13D2}.Release|ARM.ActiveCfg = Release|Any CPU
		{40EA03F7-8A22-4143-B251-79BAC3EB13D2}.Release|ARM.Build.0 = Release|Any CPU
		{40EA03F7-8A22-4143-B251-79BAC3EB13D2}.Release|ARM64.ActiveCfg = Release|Any CPU
		{40EA03F7-8A22-4143-B251-79BAC3EB13D2}.Release|ARM64.Build.0 = Release|Any CPU
		{40EA03F7-8A22-4143-B251-79BAC3EB13D2}.Release|iPhone.ActiveCfg = Release|Any CPU
		{40EA03F7-8A22-4143-B251-79BAC3EB13D2}.Release|iPhone.Build.0 = Release|Any CPU
		{40EA03F7-8A22-4143-B251-79BAC3EB13D2}.Release|iPhoneSimulator.ActiveCfg = Release|Any CPU
		{40EA03F7-8A22-4143-B251-79BAC3EB13D2}.Release|iPhoneSimulator.Build.0 = Release|Any CPU
		{40EA03F7-8A22-4143-B251-79BAC3EB13D2}.Release|x64.ActiveCfg = Release|Any CPU
		{40EA03F7-8A22-4143-B251-79BAC3EB13D2}.Release|x64.Build.0 = Release|Any CPU
		{40EA03F7-8A22-4143-B251-79BAC3EB13D2}.Release|x86.ActiveCfg = Release|Any CPU
		{40EA03F7-8A22-4143-B251-79BAC3EB13D2}.Release|x86.Build.0 = Release|Any CPU
		{4ef806da-f54e-45a6-b382-fb29ead661b6}.Debug|Any CPU.ActiveCfg = Debug|iPhoneSimulator
		{4ef806da-f54e-45a6-b382-fb29ead661b6}.Debug|Any CPU.Build.0 = Debug|iPhoneSimulator
		{4ef806da-f54e-45a6-b382-fb29ead661b6}.Debug|ARM.ActiveCfg = Debug|iPhoneSimulator
		{4ef806da-f54e-45a6-b382-fb29ead661b6}.Debug|ARM64.ActiveCfg = Debug|iPhoneSimulator
		{4ef806da-f54e-45a6-b382-fb29ead661b6}.Debug|iPhone.ActiveCfg = Debug|iPhoneSimulator
		{4ef806da-f54e-45a6-b382-fb29ead661b6}.Debug|iPhone.Build.0 = Debug|iPhoneSimulator
		{4ef806da-f54e-45a6-b382-fb29ead661b6}.Debug|iPhoneSimulator.ActiveCfg = Debug|iPhoneSimulator
		{4ef806da-f54e-45a6-b382-fb29ead661b6}.Debug|iPhoneSimulator.Build.0 = Debug|iPhoneSimulator
		{4ef806da-f54e-45a6-b382-fb29ead661b6}.Debug|x64.ActiveCfg = Debug|iPhoneSimulator
		{4ef806da-f54e-45a6-b382-fb29ead661b6}.Debug|x64.Build.0 = Debug|iPhoneSimulator
		{4ef806da-f54e-45a6-b382-fb29ead661b6}.Debug|x86.ActiveCfg = Debug|iPhoneSimulator
		{4ef806da-f54e-45a6-b382-fb29ead661b6}.Debug|x86.Build.0 = Debug|iPhoneSimulator
		{4ef806da-f54e-45a6-b382-fb29ead661b6}.Release|Any CPU.ActiveCfg = Release|iPhoneSimulator
		{4ef806da-f54e-45a6-b382-fb29ead661b6}.Release|ARM.ActiveCfg = Release|iPhoneSimulator
		{4ef806da-f54e-45a6-b382-fb29ead661b6}.Release|ARM64.ActiveCfg = Release|iPhoneSimulator
		{4ef806da-f54e-45a6-b382-fb29ead661b6}.Release|iPhone.ActiveCfg = Release|iPhoneSimulator
		{4ef806da-f54e-45a6-b382-fb29ead661b6}.Release|iPhone.Build.0 = Release|iPhoneSimulator
		{4ef806da-f54e-45a6-b382-fb29ead661b6}.Release|iPhoneSimulator.ActiveCfg = Release|iPhoneSimulator
		{4ef806da-f54e-45a6-b382-fb29ead661b6}.Release|iPhoneSimulator.Build.0 = Release|iPhoneSimulator
		{4ef806da-f54e-45a6-b382-fb29ead661b6}.Release|x64.ActiveCfg = Release|iPhoneSimulator
		{4ef806da-f54e-45a6-b382-fb29ead661b6}.Release|x64.Build.0 = Release|iPhoneSimulator
		{4ef806da-f54e-45a6-b382-fb29ead661b6}.Release|x86.ActiveCfg = Release|iPhoneSimulator
		{4ef806da-f54e-45a6-b382-fb29ead661b6}.Release|x86.Build.0 = Release|iPhoneSimulator
	EndGlobalSection
	GlobalSection(SolutionProperties) = preSolution
		HideSolutionNode = FALSE
	EndGlobalSection
	GlobalSection(ExtensibilityGlobals) = postSolution
		SolutionGuid = {C7433AE2-B1A0-4C1A-887E-5CAA7AAF67A6}
	EndGlobalSection
EndGlobal
